
Microsoft Visual Studio Solution File, Format Version 12.00
# Visual Studio 15
VisualStudioVersion = 15.0.28307.1622
MinimumVisualStudioVersion = 10.0.40219.1
Project("{F184B08F-C81C-45F6-A57F-5ABD9991F28F}") = "NST", "NST\NST.vbproj", "{C95764A1-5978-49BE-9B11-3580D14BFFD7}"
EndProject
Global
	GlobalSection(SolutionConfigurationPlatforms) = preSolution
		Debug|Any CPU = Debug|Any CPU
		Release|Any CPU = Release|Any CPU
	EndGlobalSection
	GlobalSection(ProjectConfigurationPlatforms) = postSolution
		{C95764A1-5978-49BE-9B11-3580D14BFFD7}.Debug|Any CPU.ActiveCfg = Debug|Any CPU
		{C95764A1-5978-49BE-9B11-3580D14BFFD7}.Debug|Any CPU.Build.0 = Debug|Any CPU
		{C95764A1-5978-49BE-9B11-3580D14BFFD7}.Release|Any CPU.ActiveCfg = Release|Any CPU
		{C95764A1-5978-49BE-9B11-3580D14BFFD7}.Release|Any CPU.Build.0 = Release|Any CPU
	EndGlobalSection
	GlobalSection(SolutionProperties) = preSolution
		HideSolutionNode = FALSE
	EndGlobalSection
	GlobalSection(ExtensibilityGlobals) = postSolution
		SolutionGuid = {338694FA-2736-40DF-AD5B-FACAF6139C70}
	EndGlobalSection
EndGlobal
